
Microsoft Visual Studio Solution File, Format Version 12.00
# Visual Studio 14
VisualStudioVersion = 14.0.25420.1
MinimumVisualStudioVersion = 10.0.40219.1
Project("{DA7A21FA-8162-4350-AD77-A8D1B671F3ED}") = "EM", "EM\EM.rxproj", "{93706006-79DD-480B-BD87-83013A444A35}"
EndProject
Global
	GlobalSection(SolutionConfigurationPlatforms) = preSolution
		Debug|Any CPU = Debug|Any CPU
		Release|Any CPU = Release|Any CPU
	EndGlobalSection
	GlobalSection(ProjectConfigurationPlatforms) = postSolution
		{93706006-79DD-480B-BD87-83013A444A35}.Debug|Any CPU.ActiveCfg = Debug|Any CPU
		{93706006-79DD-480B-BD87-83013A444A35}.Debug|Any CPU.Build.0 = Debug|Any CPU
		{93706006-79DD-480B-BD87-83013A444A35}.Release|Any CPU.ActiveCfg = Release|Any CPU
		{93706006-79DD-480B-BD87-83013A444A35}.Release|Any CPU.Build.0 = Release|Any CPU
	EndGlobalSection
	GlobalSection(SolutionProperties) = preSolution
		HideSolutionNode = FALSE
	EndGlobalSection
EndGlobal
